{
  "name": "@bankrate/parse-address",
  "version": "1.0.0",
  "lockfileVersion": 1,
  "requires": true,
  "dependencies": {
    "xregexp": {
      "version": "3.2.0",
      "resolved": "https://redventures.jfrog.io/artifactory/api/npm/finserv-npm-virtual/xregexp/-/xregexp-3.2.0.tgz",
      "integrity": "sha1-yzYBmHv+JpW1hAAMGPHEqMMih44="
    }
  }
}
